# This file is autogenerated, do not edit; changes may be undone by the next 'dep ensure'.


[[projects]]
  name = "github.com/ahmedash95/ratelimit"
  packages = ["."]
  revision = "2d4e4d27671379fc2fcc18324d9803f022e366f5"
  version = "1.0.0"

[[projects]]
  name = "github.com/gorilla/context"
  packages = ["."]
  revision = "08b5f424b9271eedf6f9f0ce86cb9396ed337a42"
  version = "v1.1.1"

[[projects]]
  name = "github.com/gorilla/mux"
  packages = ["."]
  revision = "e3702bed27f0d39777b0b37b664b6280e8ef8fbf"
  version = "v1.6.2"

[solve-meta]
  analyzer-name = "dep"
  analyzer-version = 1
  inputs-digest = "a01f091333dea479ad785b2cdfd99e4303ab4e47854b68b16ea88e853bb2a569"
  solver-name = "gps-cdcl"
  solver-version = 1
